
Microsoft Visual Studio Solution File, Format Version 12.00
# Visual Studio Version 17
VisualStudioVersion = 17.4.33205.214
MinimumVisualStudioVersion = 10.0.40219.1
Project("{FAE04EC0-301F-11D3-BF4B-00C04F79EFBC}") = "1. Massiv L=R", "1. Massiv L=R\1. Massiv L=R.csproj", "{CDEDF23C-AAEF-4D22-A7A5-DAB6CB2EE896}"
EndProject
Global
	GlobalSection(SolutionConfigurationPlatforms) = preSolution
		Debug|Any CPU = Debug|Any CPU
		Release|Any CPU = Release|Any CPU
	EndGlobalSection
	GlobalSection(ProjectConfigurationPlatforms) = postSolution
		{CDEDF23C-AAEF-4D22-A7A5-DAB6CB2EE896}.Debug|Any CPU.ActiveCfg = Debug|Any CPU
		{CDEDF23C-AAEF-4D22-A7A5-DAB6CB2EE896}.Debug|Any CPU.Build.0 = Debug|Any CPU
		{CDEDF23C-AAEF-4D22-A7A5-DAB6CB2EE896}.Release|Any CPU.ActiveCfg = Release|Any CPU
		{CDEDF23C-AAEF-4D22-A7A5-DAB6CB2EE896}.Release|Any CPU.Build.0 = Release|Any CPU
	EndGlobalSection
	GlobalSection(SolutionProperties) = preSolution
		HideSolutionNode = FALSE
	EndGlobalSection
	GlobalSection(ExtensibilityGlobals) = postSolution
		SolutionGuid = {36F561C9-1F71-4CF9-8D86-1ADA174DD655}
	EndGlobalSection
EndGlobal
